
Microsoft Visual Studio Solution File, Format Version 12.00
Project("{FAE04EC0-301F-11D3-BF4B-00C04F79EFBC}") = "Core", "Core\Core.csproj", "{02061EA2-BD4C-49ED-9332-259050CA9C9A}"
EndProject
Project("{FAE04EC0-301F-11D3-BF4B-00C04F79EFBC}") = "EverybodyCodesSolutions2024", "EverybodyCodesSolutions2024\EverybodyCodesSolutions2024.csproj", "{5117C784-C603-44BE-A8C8-AF357FA225CF}"
EndProject
Project("{FAE04EC0-301F-11D3-BF4B-00C04F79EFBC}") = "AdventOfCode2024", "AdventOfCode2024\AdventOfCode2024.csproj", "{D64AC499-1397-4CC2-9E8F-EC2E12FFDBE1}"
EndProject
Global
	GlobalSection(SolutionConfigurationPlatforms) = preSolution
		Debug|Any CPU = Debug|Any CPU
		Release|Any CPU = Release|Any CPU
	EndGlobalSection
	GlobalSection(ProjectConfigurationPlatforms) = postSolution
		{02061EA2-BD4C-49ED-9332-259050CA9C9A}.Debug|Any CPU.ActiveCfg = Debug|Any CPU
		{02061EA2-BD4C-49ED-9332-259050CA9C9A}.Debug|Any CPU.Build.0 = Debug|Any CPU
		{02061EA2-BD4C-49ED-9332-259050CA9C9A}.Release|Any CPU.ActiveCfg = Release|Any CPU
		{02061EA2-BD4C-49ED-9332-259050CA9C9A}.Release|Any CPU.Build.0 = Release|Any CPU
		{5117C784-C603-44BE-A8C8-AF357FA225CF}.Debug|Any CPU.ActiveCfg = Debug|Any CPU
		{5117C784-C603-44BE-A8C8-AF357FA225CF}.Debug|Any CPU.Build.0 = Debug|Any CPU
		{5117C784-C603-44BE-A8C8-AF357FA225CF}.Release|Any CPU.ActiveCfg = Release|Any CPU
		{5117C784-C603-44BE-A8C8-AF357FA225CF}.Release|Any CPU.Build.0 = Release|Any CPU
		{D64AC499-1397-4CC2-9E8F-EC2E12FFDBE1}.Debug|Any CPU.ActiveCfg = Debug|Any CPU
		{D64AC499-1397-4CC2-9E8F-EC2E12FFDBE1}.Debug|Any CPU.Build.0 = Debug|Any CPU
		{D64AC499-1397-4CC2-9E8F-EC2E12FFDBE1}.Release|Any CPU.ActiveCfg = Release|Any CPU
		{D64AC499-1397-4CC2-9E8F-EC2E12FFDBE1}.Release|Any CPU.Build.0 = Release|Any CPU
	EndGlobalSection
EndGlobal
